
Microsoft Visual Studio Solution File, Format Version 12.00
# Visual Studio Version 16
VisualStudioVersion = 16.0.33214.272
MinimumVisualStudioVersion = 10.0.40219.1
Project("{FAE04EC0-301F-11D3-BF4B-00C04F79EFBC}") = "TicTacToe", "TicTacToe\TicTacToe.csproj", "{F179D77E-5804-47C0-B638-5DDE78D57CB6}"
EndProject
Global
	GlobalSection(SolutionConfigurationPlatforms) = preSolution
		Debug|Any CPU = Debug|Any CPU
		Release|Any CPU = Release|Any CPU
	EndGlobalSection
	GlobalSection(ProjectConfigurationPlatforms) = postSolution
		{F179D77E-5804-47C0-B638-5DDE78D57CB6}.Debug|Any CPU.ActiveCfg = Debug|Any CPU
		{F179D77E-5804-47C0-B638-5DDE78D57CB6}.Debug|Any CPU.Build.0 = Debug|Any CPU
		{F179D77E-5804-47C0-B638-5DDE78D57CB6}.Release|Any CPU.ActiveCfg = Release|Any CPU
		{F179D77E-5804-47C0-B638-5DDE78D57CB6}.Release|Any CPU.Build.0 = Release|Any CPU
	EndGlobalSection
	GlobalSection(SolutionProperties) = preSolution
		HideSolutionNode = FALSE
	EndGlobalSection
	GlobalSection(ExtensibilityGlobals) = postSolution
		SolutionGuid = {0C99D53E-9DA2-4045-B135-F04C96853DA5}
	EndGlobalSection
EndGlobal
